
Microsoft Visual Studio Solution File, Format Version 12.00
Project("{FAE04EC0-301F-11D3-BF4B-00C04F79EFBC}") = "LogCompressor", "LogCompressor\LogCompressor.csproj", "{93F2DC27-D80D-4154-9504-77959E9419E5}"
EndProject
Global
	GlobalSection(SolutionConfigurationPlatforms) = preSolution
		Debug|Any CPU = Debug|Any CPU
		Release|Any CPU = Release|Any CPU
	EndGlobalSection
	GlobalSection(ProjectConfigurationPlatforms) = postSolution
		{93F2DC27-D80D-4154-9504-77959E9419E5}.Debug|Any CPU.ActiveCfg = Debug|Any CPU
		{93F2DC27-D80D-4154-9504-77959E9419E5}.Debug|Any CPU.Build.0 = Debug|Any CPU
		{93F2DC27-D80D-4154-9504-77959E9419E5}.Release|Any CPU.ActiveCfg = Release|Any CPU
		{93F2DC27-D80D-4154-9504-77959E9419E5}.Release|Any CPU.Build.0 = Release|Any CPU
	EndGlobalSection
EndGlobal
